// !$*UTF8*$!
{
	archiveVersion = 1;
	classes = {
	};
	objectVersion = 46;
	objects = {

/* Begin PBXBuildFile section */
		B764AFF71CF7F00500448B55 /* DetailViewController.swift in Sources */ = {isa = PBXBuildFile; fileRef = B764AFF61CF7F00500448B55 /* DetailViewController.swift */; };
		B7D3870C1CF7DEDF00E4CF43 /* DelegatesViewController.swift in Sources */ = {isa = PBXBuildFile; fileRef = B7D3870B1CF7DEDF00E4CF43 /* DelegatesViewController.swift */; };
		B7F9E6451CF6A8620006FD5E /* AppDelegate.swift in Sources */ = {isa = PBXBuildFile; fileRef = B7F9E6441CF6A8620006FD5E /* AppDelegate.swift */; };
		B7F9E6471CF6A8620006FD5E /* ViewController.swift in Sources */ = {isa = PBXBuildFile; fileRef = B7F9E6461CF6A8620006FD5E /* ViewController.swift */; };
		B7F9E64A1CF6A8620006FD5E /* Main.storyboard in Resources */ = {isa = PBXBuildFile; fileRef = B7F9E6481CF6A8620006FD5E /* Main.storyboard */; };
		B7F9E64C1CF6A8620006FD5E /* Assets.xcassets in Resources */ = {isa = PBXBuildFile; fileRef = B7F9E64B1CF6A8620006FD5E /* Assets.xcassets */; };
		B7F9E64F1CF6A8620006FD5E /* LaunchScreen.storyboard in Resources */ = {isa = PBXBuildFile; fileRef = B7F9E64D1CF6A8620006FD5E /* LaunchScreen.storyboard */; };
		B7F9E6571CF6A8DD0006FD5E /* KVOViewController.swift in Sources */ = {isa = PBXBuildFile; fileRef = B7F9E6561CF6A8DD0006FD5E /* KVOViewController.swift */; };
		B7F9E65A1CF6A9C90006FD5E /* Person.swift in Sources */ = {isa = PBXBuildFile; fileRef = B7F9E6591CF6A9C90006FD5E /* Person.swift */; };
		B7F9E65C1CF6AE150006FD5E /* Account.swift in Sources */ = {isa = PBXBuildFile; fileRef = B7F9E65B1CF6AE150006FD5E /* Account.swift */; };
/* End PBXBuildFile section */

/* Begin PBXFileReference section */
		B764AFF61CF7F00500448B55 /* DetailViewController.swift */ = {isa = PBXFileReference; fileEncoding = 4; lastKnownFileType = sourcecode.swift; path = DetailViewController.swift; sourceTree = "<group>"; };
		B7D3870B1CF7DEDF00E4CF43 /* DelegatesViewController.swift */ = {isa = PBXFileReference; fileEncoding = 4; lastKnownFileType = sourcecode.swift; path = DelegatesViewController.swift; sourceTree = "<group>"; };
		B7F9E6411CF6A8620006FD5E /* AwesomeDemo.app */ = {isa = PBXFileReference; explicitFileType = wrapper.application; includeInIndex = 0; path = AwesomeDemo.app; sourceTree = BUILT_PRODUCTS_DIR; };
		B7F9E6441CF6A8620006FD5E /* AppDelegate.swift */ = {isa = PBXFileReference; lastKnownFileType = sourcecode.swift; path = AppDelegate.swift; sourceTree = "<group>"; };
		B7F9E6461CF6A8620006FD5E /* ViewController.swift */ = {isa = PBXFileReference; lastKnownFileType = sourcecode.swift; path = ViewController.swift; sourceTree = "<group>"; };
		B7F9E6491CF6A8620006FD5E /* Base */ = {isa = PBXFileReference; lastKnownFileType = file.storyboard; name = Base; path = Base.lproj/Main.storyboard; sourceTree = "<group>"; };
		B7F9E64B1CF6A8620006FD5E /* Assets.xcassets */ = {isa = PBXFileReference; lastKnownFileType = folder.assetcatalog; path = Assets.xcassets; sourceTree = "<group>"; };
		B7F9E64E1CF6A8620006FD5E /* Base */ = {isa = PBXFileReference; lastKnownFileType = file.storyboard; name = Base; path = Base.lproj/LaunchScreen.storyboard; sourceTree = "<group>"; };
		B7F9E6501CF6A8620006FD5E /* Info.plist */ = {isa = PBXFileReference; lastKnownFileType = text.plist.xml; path = Info.plist; sourceTree = "<group>"; };
		B7F9E6561CF6A8DD0006FD5E /* KVOViewController.swift */ = {isa = PBXFileReference; fileEncoding = 4; lastKnownFileType = sourcecode.swift; path = KVOViewController.swift; sourceTree = "<group>"; };
		B7F9E6591CF6A9C90006FD5E /* Person.swift */ = {isa = PBXFileReference; fileEncoding = 4; lastKnownFileType = sourcecode.swift; path = Person.swift; sourceTree = "<group>"; };
		B7F9E65B1CF6AE150006FD5E /* Account.swift */ = {isa = PBXFileReference; fileEncoding = 4; lastKnownFileType = sourcecode.swift; path = Account.swift; sourceTree = "<group>"; };
/* End PBXFileReference section */

/* Begin PBXFrameworksBuildPhase section */
		B7F9E63E1CF6A8620006FD5E /* Frameworks */ = {
			isa = PBXFrameworksBuildPhase;
			buildActionMask = 2147483647;
			files = (
			);
			runOnlyForDeploymentPostprocessing = 0;
		};
/* End PBXFrameworksBuildPhase section */

/* Begin PBXGroup section */
		B7F9E6381CF6A8620006FD5E = {
			isa = PBXGroup;
			children = (
				B7F9E6431CF6A8620006FD5E /* AwesomeDemo */,
				B7F9E6421CF6A8620006FD5E /* Products */,
			);
			sourceTree = "<group>";
		};
		B7F9E6421CF6A8620006FD5E /* Products */ = {
			isa = PBXGroup;
			children = (
				B7F9E6411CF6A8620006FD5E /* AwesomeDemo.app */,
			);
			name = Products;
			sourceTree = "<group>";
		};
		B7F9E6431CF6A8620006FD5E /* AwesomeDemo */ = {
			isa = PBXGroup;
			children = (
				B7F9E6581CF6A9A60006FD5E /* Models */,
				B7F9E6441CF6A8620006FD5E /* AppDelegate.swift */,
				B7F9E6461CF6A8620006FD5E /* ViewController.swift */,
				B7F9E6481CF6A8620006FD5E /* Main.storyboard */,
				B764AFF61CF7F00500448B55 /* DetailViewController.swift */,
				B7D3870B1CF7DEDF00E4CF43 /* DelegatesViewController.swift */,
				B7F9E6561CF6A8DD0006FD5E /* KVOViewController.swift */,
				B7F9E64B1CF6A8620006FD5E /* Assets.xcassets */,
				B7F9E64D1CF6A8620006FD5E /* LaunchScreen.storyboard */,
				B7F9E6501CF6A8620006FD5E /* Info.plist */,
			);
			path = AwesomeDemo;
			sourceTree = "<group>";
		};
		B7F9E6581CF6A9A60006FD5E /* Models */ = {
			isa = PBXGroup;
			children = (
				B7F9E6591CF6A9C90006FD5E /* Person.swift */,
				B7F9E65B1CF6AE150006FD5E /* Account.swift */,
			);
			name = Models;
			sourceTree = "<group>";
		};
/* End PBXGroup section */

/* Begin PBXNativeTarget section */
		B7F9E6401CF6A8620006FD5E /* AwesomeDemo */ = {
			isa = PBXNativeTarget;
			buildConfigurationList = B7F9E6531CF6A8620006FD5E /* Build configuration list for PBXNativeTarget "AwesomeDemo" */;
			buildPhases = (
				B7F9E63D1CF6A8620006FD5E /* Sources */,
				B7F9E63E1CF6A8620006FD5E /* Frameworks */,
				B7F9E63F1CF6A8620006FD5E /* Resources */,
			);
			buildRules = (
			);
			dependencies = (
			);
			name = AwesomeDemo;
			productName = AwesomeDemo;
			productReference = B7F9E6411CF6A8620006FD5E /* AwesomeDemo.app */;
			productType = "com.apple.product-type.application";
		};
/* End PBXNativeTarget section */

/* Begin PBXProject section */
		B7F9E6391CF6A8620006FD5E /* Project object */ = {
			isa = PBXProject;
			attributes = {
				LastSwiftUpdateCheck = 0730;
				LastUpgradeCheck = 0730;
				ORGANIZATIONNAME = "Cristian Torres";
				TargetAttributes = {
					B7F9E6401CF6A8620006FD5E = {
						CreatedOnToolsVersion = 7.3.1;
					};
				};
			};
			buildConfigurationList = B7F9E63C1CF6A8620006FD5E /* Build configuration list for PBXProject "AwesomeDemo" */;
			compatibilityVersion = "Xcode 3.2";
			developmentRegion = English;
			hasScannedForEncodings = 0;
			knownRegions = (
				en,
				Base,
			);
			mainGroup = B7F9E6381CF6A8620006FD5E;
			productRefGroup = B7F9E6421CF6A8620006FD5E /* Products */;
			projectDirPath = "";
			projectRoot = "";
			targets = (
				B7F9E6401CF6A8620006FD5E /* AwesomeDemo */,
			);
		};
/* End PBXProject section */

/* Begin PBXResourcesBuildPhase section */
		B7F9E63F1CF6A8620006FD5E /* Resources */ = {
			isa = PBXResourcesBuildPhase;
			buildActionMask = 2147483647;
			files = (
				B7F9E64F1CF6A8620006FD5E /* LaunchScreen.storyboard in Resources */,
				B7F9E64C1CF6A8620006FD5E /* Assets.xcassets in Resources */,
				B7F9E64A1CF6A8620006FD5E /* Main.storyboard in Resources */,
			);
			runOnlyForDeploymentPostprocessing = 0;
		};
/* End PBXResourcesBuildPhase section */

/* Begin PBXSourcesBuildPhase section */
		B7F9E63D1CF6A8620006FD5E /* Sources */ = {
			isa = PBXSourcesBuildPhase;
			buildActionMask = 2147483647;
			files = (
				B7F9E65C1CF6AE150006FD5E /* Account.swift in Sources */,
				B7F9E6471CF6A8620006FD5E /* ViewController.swift in Sources */,
				B7F9E6451CF6A8620006FD5E /* AppDelegate.swift in Sources */,
				B7F9E65A1CF6A9C90006FD5E /* Person.swift in Sources */,
				B7F9E6571CF6A8DD0006FD5E /* KVOViewController.swift in Sources */,
				B7D3870C1CF7DEDF00E4CF43 /* DelegatesViewController.swift in Sources */,
				B764AFF71CF7F00500448B55 /* DetailViewController.swift in Sources */,
			);
			runOnlyForDeploymentPostprocessing = 0;
		};
/* End PBXSourcesBuildPhase section */

/* Begin PBXVariantGroup section */
		B7F9E6481CF6A8620006FD5E /* Main.storyboard */ = {
			isa = PBXVariantGroup;
			children = (
				B7F9E6491CF6A8620006FD5E /* Base */,
			);
			name = Main.storyboard;
			sourceTree = "<group>";
		};
		B7F9E64D1CF6A8620006FD5E /* LaunchScreen.storyboard */ = {
			isa = PBXVariantGroup;
			children = (
				B7F9E64E1CF6A8620006FD5E /* Base */,
			);
			name = LaunchScreen.storyboard;
			sourceTree = "<group>";
		};
/* End PBXVariantGroup section */

/* Begin XCBuildConfiguration section */
		B7F9E6511CF6A8620006FD5E /* Debug */ = {
			isa = XCBuildConfiguration;
			buildSettings = {
				ALWAYS_SEARCH_USER_PATHS = NO;
				CLANG_ANALYZER_NONNULL = YES;
				CLANG_CXX_LANGUAGE_STANDARD = "gnu++0x";
				CLANG_CXX_LIBRARY = "libc++";
				CLANG_ENABLE_MODULES = YES;
				CLANG_ENABLE_OBJC_ARC = YES;
				CLANG_WARN_BOOL_CONVERSION = YES;
				CLANG_WARN_CONSTANT_CONVERSION = YES;
				CLANG_WARN_DIRECT_OBJC_ISA_USAGE = YES_ERROR;
				CLANG_WARN_EMPTY_BODY = YES;
				CLANG_WARN_ENUM_CONVERSION = YES;
				CLANG_WARN_INT_CONVERSION = YES;
				CLANG_WARN_OBJC_ROOT_CLASS = YES_ERROR;
				CLANG_WARN_UNREACHABLE_CODE = YES;
				CLANG_WARN__DUPLICATE_METHOD_MATCH = YES;
				"CODE_SIGN_IDENTITY[sdk=iphoneos*]" = "iPhone Developer";
				COPY_PHASE_STRIP = NO;
				DEBUG_INFORMATION_FORMAT = dwarf;
				ENABLE_STRICT_OBJC_MSGSEND = YES;
				ENABLE_TESTABILITY = YES;
				GCC_C_LANGUAGE_STANDARD = gnu99;
				GCC_DYNAMIC_NO_PIC = NO;
				GCC_NO_COMMON_BLOCKS = YES;
				GCC_OPTIMIZATION_LEVEL = 0;
				GCC_PREPROCESSOR_DEFINITIONS = (
					"DEBUG=1",
					"$(inherited)",
				);
				GCC_WARN_64_TO_32_BIT_CONVERSION = YES;
				GCC_WARN_ABOUT_RETURN_TYPE = YES_ERROR;
				GCC_WARN_UNDECLARED_SELECTOR = YES;
				GCC_WARN_UNINITIALIZED_AUTOS = YES_AGGRESSIVE;
				GCC_WARN_UNUSED_FUNCTION = YES;
				GCC_WARN_UNUSED_VARIABLE = YES;
				IPHONEOS_DEPLOYMENT_TARGET = 9.3;
				MTL_ENABLE_DEBUG_INFO = YES;
				ONLY_ACTIVE_ARCH = YES;
				SDKROOT = iphoneos;
				SWIFT_OPTIMIZATION_LEVEL = "-Onone";
				TARGETED_DEVICE_FAMILY = "1,2";
			};
			name = Debug;
		};
		B7F9E6521CF6A8620006FD5E /* Release */ = {
			isa = XCBuildConfiguration;
			buildSettings = {
				ALWAYS_SEARCH_USER_PATHS = NO;
				CLANG_ANALYZER_NONNULL = YES;
				CLANG_CXX_LANGUAGE_STANDARD = "gnu++0x";
				CLANG_CXX_LIBRARY = "libc++";
				CLANG_ENABLE_MODULES = YES;
				CLANG_ENABLE_OBJC_ARC = YES;
				CLANG_WARN_BOOL_CONVERSION = YES;
				CLANG_WARN_CONSTANT_CONVERSION = YES;
				CLANG_WARN_DIRECT_OBJC_ISA_USAGE = YES_ERROR;
				CLANG_WARN_EMPTY_BODY = YES;
				CLANG_WARN_ENUM_CONVERSION = YES;
				CLANG_WARN_INT_CONVERSION = YES;
				CLANG_WARN_OBJC_ROOT_CLASS = YES_ERROR;
				CLANG_WARN_UNREACHABLE_CODE = YES;
				CLANG_WARN__DUPLICATE_METHOD_MATCH = YES;
				"CODE_SIGN_IDENTITY[sdk=iphoneos*]" = "iPhone Developer";
				COPY_PHASE_STRIP = NO;
				DEBUG_INFORMATION_FORMAT = "dwarf-with-dsym";
				ENABLE_NS_ASSERTIONS = NO;
				ENABLE_STRICT_OBJC_MSGSEND = YES;
				GCC_C_LANGUAGE_STANDARD = gnu99;
				GCC_NO_COMMON_BLOCKS = YES;
				GCC_WARN_64_TO_32_BIT_CONVERSION = YES;
				GCC_WARN_ABOUT_RETURN_TYPE = YES_ERROR;
				GCC_WARN_UNDECLARED_SELECTOR = YES;
				GCC_WARN_UNINITIALIZED_AUTOS = YES_AGGRESSIVE;
				GCC_WARN_UNUSED_FUNCTION = YES;
				GCC_WARN_UNUSED_VARIABLE = YES;
				IPHONEOS_DEPLOYMENT_TARGET = 9.3;
				MTL_ENABLE_DEBUG_INFO = NO;
				SDKROOT = iphoneos;
				TARGETED_DEVICE_FAMILY = "1,2";
				VALIDATE_PRODUCT = YES;
			};
			name = Release;
		};
		B7F9E6541CF6A8620006FD5E /* Debug */ = {
			isa = XCBuildConfiguration;
			buildSettings = {
				ASSETCATALOG_COMPILER_APPICON_NAME = AppIcon;
				INFOPLIST_FILE = AwesomeDemo/Info.plist;
				LD_RUNPATH_SEARCH_PATHS = "$(inherited) @executable_path/Frameworks";
				PRODUCT_BUNDLE_IDENTIFIER = com.crisloks.AwesomeDemo;
				PRODUCT_NAME = "$(TARGET_NAME)";
			};
			name = Debug;
		};
		B7F9E6551CF6A8620006FD5E /* Release */ = {
			isa = XCBuildConfiguration;
			buildSettings = {
				ASSETCATALOG_COMPILER_APPICON_NAME = AppIcon;
				INFOPLIST_FILE = AwesomeDemo/Info.plist;
				LD_RUNPATH_SEARCH_PATHS = "$(inherited) @executable_path/Frameworks";
				PRODUCT_BUNDLE_IDENTIFIER = com.crisloks.AwesomeDemo;
				PRODUCT_NAME = "$(TARGET_NAME)";
			};
			name = Release;
		};
/* End XCBuildConfiguration section */

/* Begin XCConfigurationList section */
		B7F9E63C1CF6A8620006FD5E /* Build configuration list for PBXProject "AwesomeDemo" */ = {
			isa = XCConfigurationList;
			buildConfigurations = (
				B7F9E6511CF6A8620006FD5E /* Debug */,
				B7F9E6521CF6A8620006FD5E /* Release */,
			);
			defaultConfigurationIsVisible = 0;
			defaultConfigurationName = Release;
		};
		B7F9E6531CF6A8620006FD5E /* Build configuration list for PBXNativeTarget "AwesomeDemo" */ = {
			isa = XCConfigurationList;
			buildConfigurations = (
				B7F9E6541CF6A8620006FD5E /* Debug */,
				B7F9E6551CF6A8620006FD5E /* Release */,
			);
			defaultConfigurationIsVisible = 0;
			defaultConfigurationName = Release;
		};
/* End XCConfigurationList section */
	};
	rootObject = B7F9E6391CF6A8620006FD5E /* Project object */;
}
